
Microsoft Visual Studio Solution File, Format Version 12.00
# Visual Studio Version 17
VisualStudioVersion = 17.6.33815.320
MinimumVisualStudioVersion = 10.0.40219.1
Project("{FAE04EC0-301F-11D3-BF4B-00C04F79EFBC}") = "ImportData", "ImportData\ImportData.csproj", "{8DFB5C40-4C04-4565-8DFD-726F3525FA0C}"
EndProject
Global
	GlobalSection(SolutionConfigurationPlatforms) = preSolution
		Debug|Any CPU = Debug|Any CPU
		Release|Any CPU = Release|Any CPU
	EndGlobalSection
	GlobalSection(ProjectConfigurationPlatforms) = postSolution
		{8DFB5C40-4C04-4565-8DFD-726F3525FA0C}.Debug|Any CPU.ActiveCfg = Debug|Any CPU
		{8DFB5C40-4C04-4565-8DFD-726F3525FA0C}.Debug|Any CPU.Build.0 = Debug|Any CPU
		{8DFB5C40-4C04-4565-8DFD-726F3525FA0C}.Release|Any CPU.ActiveCfg = Release|Any CPU
		{8DFB5C40-4C04-4565-8DFD-726F3525FA0C}.Release|Any CPU.Build.0 = Release|Any CPU
	EndGlobalSection
	GlobalSection(SolutionProperties) = preSolution
		HideSolutionNode = FALSE
	EndGlobalSection
	GlobalSection(ExtensibilityGlobals) = postSolution
		SolutionGuid = {B02E9442-F829-432C-A317-01945D2729DD}
	EndGlobalSection
EndGlobal
